
Microsoft Visual Studio Solution File, Format Version 12.00
# Visual Studio Version 17
VisualStudioVersion = 17.3.32929.385
MinimumVisualStudioVersion = 10.0.40219.1
Project("{9A19103F-16F7-4668-BE54-9A1E7A4F7556}") = "WorldConverter", "WorldConverter.csproj", "{4A2774EE-DDB5-476C-AD88-4693C368D6E1}"
EndProject
Global
	GlobalSection(SolutionConfigurationPlatforms) = preSolution
		Debug|Any CPU = Debug|Any CPU
		Release|Any CPU = Release|Any CPU
	EndGlobalSection
	GlobalSection(ProjectConfigurationPlatforms) = postSolution
		{4A2774EE-DDB5-476C-AD88-4693C368D6E1}.Debug|Any CPU.ActiveCfg = Debug|Any CPU
		{4A2774EE-DDB5-476C-AD88-4693C368D6E1}.Debug|Any CPU.Build.0 = Debug|Any CPU
		{4A2774EE-DDB5-476C-AD88-4693C368D6E1}.Release|Any CPU.ActiveCfg = Release|Any CPU
		{4A2774EE-DDB5-476C-AD88-4693C368D6E1}.Release|Any CPU.Build.0 = Release|Any CPU
	EndGlobalSection
	GlobalSection(SolutionProperties) = preSolution
		HideSolutionNode = FALSE
	EndGlobalSection
	GlobalSection(ExtensibilityGlobals) = postSolution
		SolutionGuid = {32D3073B-70AA-4F89-BCF0-DCECBD8A7050}
	EndGlobalSection
EndGlobal
